
Microsoft Visual Studio Solution File, Format Version 12.00
# Visual Studio Version 17
VisualStudioVersion = 17.0.31903.59
MinimumVisualStudioVersion = 10.0.40219.1
Project("{2150E333-8FDC-42A3-9474-1A3956D46DE8}") = "src", "src", "{84862D38-5C72-4031-A4A0-3A9E7EAC3881}"
EndProject
Project("{FAE04EC0-301F-11D3-BF4B-00C04F79EFBC}") = "Splitit.ActorAPI.Web", "src\Splitit.ActorAPI.Web\Splitit.ActorAPI.Web.csproj", "{56F0D41D-FF27-4B3F-BFB6-34A3753EE996}"
EndProject
Project("{2150E333-8FDC-42A3-9474-1A3956D46DE8}") = "Solution Items", "Solution Items", "{30F5FE23-8DCE-4C8D-AD46-FE3450A7239D}"
	ProjectSection(SolutionItems) = preProject
		README.md = README.md
	EndProjectSection
EndProject
Global
	GlobalSection(SolutionConfigurationPlatforms) = preSolution
		Debug|Any CPU = Debug|Any CPU
		Release|Any CPU = Release|Any CPU
	EndGlobalSection
	GlobalSection(ProjectConfigurationPlatforms) = postSolution
		{56F0D41D-FF27-4B3F-BFB6-34A3753EE996}.Debug|Any CPU.ActiveCfg = Debug|Any CPU
		{56F0D41D-FF27-4B3F-BFB6-34A3753EE996}.Debug|Any CPU.Build.0 = Debug|Any CPU
		{56F0D41D-FF27-4B3F-BFB6-34A3753EE996}.Release|Any CPU.ActiveCfg = Release|Any CPU
		{56F0D41D-FF27-4B3F-BFB6-34A3753EE996}.Release|Any CPU.Build.0 = Release|Any CPU
	EndGlobalSection
	GlobalSection(SolutionProperties) = preSolution
		HideSolutionNode = FALSE
	EndGlobalSection
	GlobalSection(NestedProjects) = preSolution
		{56F0D41D-FF27-4B3F-BFB6-34A3753EE996} = {84862D38-5C72-4031-A4A0-3A9E7EAC3881}
	EndGlobalSection
EndGlobal
